
Microsoft Visual Studio Solution File, Format Version 12.00
# Visual Studio Version 17
VisualStudioVersion = 17.14.35906.104 d17.14
MinimumVisualStudioVersion = 10.0.40219.1
Project("{FAE04EC0-301F-11D3-BF4B-00C04F79EFBC}") = "Github02", "Github02.csproj", "{D5DBC4BC-2606-47BB-8111-E71232710210}"
EndProject
Global
	GlobalSection(SolutionConfigurationPlatforms) = preSolution
		Debug|Any CPU = Debug|Any CPU
		Release|Any CPU = Release|Any CPU
	EndGlobalSection
	GlobalSection(ProjectConfigurationPlatforms) = postSolution
		{D5DBC4BC-2606-47BB-8111-E71232710210}.Debug|Any CPU.ActiveCfg = Debug|Any CPU
		{D5DBC4BC-2606-47BB-8111-E71232710210}.Debug|Any CPU.Build.0 = Debug|Any CPU
		{D5DBC4BC-2606-47BB-8111-E71232710210}.Release|Any CPU.ActiveCfg = Release|Any CPU
		{D5DBC4BC-2606-47BB-8111-E71232710210}.Release|Any CPU.Build.0 = Release|Any CPU
	EndGlobalSection
	GlobalSection(SolutionProperties) = preSolution
		HideSolutionNode = FALSE
	EndGlobalSection
	GlobalSection(ExtensibilityGlobals) = postSolution
		SolutionGuid = {B76F8DD8-D0EF-49D7-ACC8-B439774ADBBB}
	EndGlobalSection
EndGlobal
